
Microsoft Visual Studio Solution File, Format Version 12.00
# Visual Studio Version 17
VisualStudioVersion = 17.13.35931.197
MinimumVisualStudioVersion = 10.0.40219.1
Project("{FAE04EC0-301F-11D3-BF4B-00C04F79EFBC}") = "MagicButton", "MagicButton\MagicButton.csproj", "{12458DD3-08EE-4AF4-9EE7-348751B1F390}"
EndProject
Global
	GlobalSection(SolutionConfigurationPlatforms) = preSolution
		Debug|Any CPU = Debug|Any CPU
		Release|Any CPU = Release|Any CPU
	EndGlobalSection
	GlobalSection(ProjectConfigurationPlatforms) = postSolution
		{12458DD3-08EE-4AF4-9EE7-348751B1F390}.Debug|Any CPU.ActiveCfg = Debug|Any CPU
		{12458DD3-08EE-4AF4-9EE7-348751B1F390}.Debug|Any CPU.Build.0 = Debug|Any CPU
		{12458DD3-08EE-4AF4-9EE7-348751B1F390}.Release|Any CPU.ActiveCfg = Release|Any CPU
		{12458DD3-08EE-4AF4-9EE7-348751B1F390}.Release|Any CPU.Build.0 = Release|Any CPU
	EndGlobalSection
	GlobalSection(SolutionProperties) = preSolution
		HideSolutionNode = FALSE
	EndGlobalSection
	GlobalSection(ExtensibilityGlobals) = postSolution
		SolutionGuid = {7D482EA5-9481-4718-B974-54619DE06B36}
	EndGlobalSection
EndGlobal
